
Microsoft Visual Studio Solution File, Format Version 12.00
# Visual Studio 14
VisualStudioVersion = 14.0.23107.0
MinimumVisualStudioVersion = 10.0.40219.1
Project("{8BC9CEB8-8B4A-11D0-8D11-00A0C91BC942}") = "coroutine", "coroutine.vcxproj", "{1A9CAB71-B3D5-49CC-9967-72BFBEB8CA04}"
EndProject
Project("{8BC9CEB8-8B4A-11D0-8D11-00A0C91BC942}") = "unit_test", "unit_test.vcxproj", "{34DB370C-1EEB-437E-BE7B-4A49ABE403A7}"
	ProjectSection(ProjectDependencies) = postProject
		{1A9CAB71-B3D5-49CC-9967-72BFBEB8CA04} = {1A9CAB71-B3D5-49CC-9967-72BFBEB8CA04}
	EndProjectSection
EndProject
Project("{8BC9CEB8-8B4A-11D0-8D11-00A0C91BC942}") = "sync_asio_client", "sync_asio_client.vcxproj", "{9D7C48BD-CB50-457F-A730-E70D5CC80DFB}"
EndProject
Project("{8BC9CEB8-8B4A-11D0-8D11-00A0C91BC942}") = "sync_asio_server", "sync_asio_server.vcxproj", "{603DE80D-11E4-4912-B966-9F8E0B942ADA}"
EndProject
Global
	GlobalSection(SolutionConfigurationPlatforms) = preSolution
		Debug|x64 = Debug|x64
		Debug|x86 = Debug|x86
		Release|x64 = Release|x64
		Release|x86 = Release|x86
	EndGlobalSection
	GlobalSection(ProjectConfigurationPlatforms) = postSolution
		{1A9CAB71-B3D5-49CC-9967-72BFBEB8CA04}.Debug|x64.ActiveCfg = Debug|x64
		{1A9CAB71-B3D5-49CC-9967-72BFBEB8CA04}.Debug|x64.Build.0 = Debug|x64
		{1A9CAB71-B3D5-49CC-9967-72BFBEB8CA04}.Debug|x86.ActiveCfg = Debug|Win32
		{1A9CAB71-B3D5-49CC-9967-72BFBEB8CA04}.Debug|x86.Build.0 = Debug|Win32
		{1A9CAB71-B3D5-49CC-9967-72BFBEB8CA04}.Release|x64.ActiveCfg = Release|x64
		{1A9CAB71-B3D5-49CC-9967-72BFBEB8CA04}.Release|x64.Build.0 = Release|x64
		{1A9CAB71-B3D5-49CC-9967-72BFBEB8CA04}.Release|x86.ActiveCfg = Release|Win32
		{1A9CAB71-B3D5-49CC-9967-72BFBEB8CA04}.Release|x86.Build.0 = Release|Win32
		{34DB370C-1EEB-437E-BE7B-4A49ABE403A7}.Debug|x64.ActiveCfg = Debug|x64
		{34DB370C-1EEB-437E-BE7B-4A49ABE403A7}.Debug|x64.Build.0 = Debug|x64
		{34DB370C-1EEB-437E-BE7B-4A49ABE403A7}.Debug|x86.ActiveCfg = Debug|Win32
		{34DB370C-1EEB-437E-BE7B-4A49ABE403A7}.Debug|x86.Build.0 = Debug|Win32
		{34DB370C-1EEB-437E-BE7B-4A49ABE403A7}.Release|x64.ActiveCfg = Release|x64
		{34DB370C-1EEB-437E-BE7B-4A49ABE403A7}.Release|x64.Build.0 = Release|x64
		{34DB370C-1EEB-437E-BE7B-4A49ABE403A7}.Release|x86.ActiveCfg = Release|Win32
		{34DB370C-1EEB-437E-BE7B-4A49ABE403A7}.Release|x86.Build.0 = Release|Win32
		{9D7C48BD-CB50-457F-A730-E70D5CC80DFB}.Debug|x64.ActiveCfg = Debug|x64
		{9D7C48BD-CB50-457F-A730-E70D5CC80DFB}.Debug|x64.Build.0 = Debug|x64
		{9D7C48BD-CB50-457F-A730-E70D5CC80DFB}.Debug|x86.ActiveCfg = Debug|Win32
		{9D7C48BD-CB50-457F-A730-E70D5CC80DFB}.Debug|x86.Build.0 = Debug|Win32
		{9D7C48BD-CB50-457F-A730-E70D5CC80DFB}.Release|x64.ActiveCfg = Release|x64
		{9D7C48BD-CB50-457F-A730-E70D5CC80DFB}.Release|x64.Build.0 = Release|x64
		{9D7C48BD-CB50-457F-A730-E70D5CC80DFB}.Release|x86.ActiveCfg = Release|Win32
		{9D7C48BD-CB50-457F-A730-E70D5CC80DFB}.Release|x86.Build.0 = Release|Win32
		{603DE80D-11E4-4912-B966-9F8E0B942ADA}.Debug|x64.ActiveCfg = Debug|x64
		{603DE80D-11E4-4912-B966-9F8E0B942ADA}.Debug|x64.Build.0 = Debug|x64
		{603DE80D-11E4-4912-B966-9F8E0B942ADA}.Debug|x86.ActiveCfg = Debug|Win32
		{603DE80D-11E4-4912-B966-9F8E0B942ADA}.Debug|x86.Build.0 = Debug|Win32
		{603DE80D-11E4-4912-B966-9F8E0B942ADA}.Release|x64.ActiveCfg = Release|x64
		{603DE80D-11E4-4912-B966-9F8E0B942ADA}.Release|x64.Build.0 = Release|x64
		{603DE80D-11E4-4912-B966-9F8E0B942ADA}.Release|x86.ActiveCfg = Release|Win32
		{603DE80D-11E4-4912-B966-9F8E0B942ADA}.Release|x86.Build.0 = Release|Win32
	EndGlobalSection
	GlobalSection(SolutionProperties) = preSolution
		HideSolutionNode = FALSE
	EndGlobalSection
EndGlobal
