<?xml version="1.0" encoding="UTF-8"?>
<Project ToolsVersion="12.0" xmlns="http://schemas.microsoft.com/developer/msbuild/2003">
  <ItemGroup>
    <CustomBuild Include="E:\github\libgo\vs_proj\vs2013\x64\CMakeFiles\d8bf77a66b4233ac09e03e5fa50c9c8f\INSTALL_force.rule">
      <Filter>CMake Rules</Filter>
    </CustomBuild>
  </ItemGroup>
  <ItemGroup>
    <Filter Include="CMake Rules">
      <UniqueIdentifier>{52D65314-B5DF-4D4C-B68B-E11F4CA942EF}</UniqueIdentifier>
    </Filter>
  </ItemGroup>
</Project>
