Microsoft Visual Studio Solution File, Format Version 12.00
# Visual Studio 14
Project("{8BC9CEB8-8B4A-11D0-8D11-00A0C91BC942}") = "ALL_BUILD", "ALL_BUILD.vcxproj", "{E345FB53-93DC-4DB2-98C7-C343A2AFC66B}"
	ProjectSection(ProjectDependencies) = postProject
		{07641CF1-8035-4E48-86C6-AC310AB95330} = {07641CF1-8035-4E48-86C6-AC310AB95330}
		{F943E24E-8EAA-4113-815A-D4B24A5D1BDB} = {F943E24E-8EAA-4113-815A-D4B24A5D1BDB}
		{AA4A899B-2C01-419F-BE0D-61A6E807562D} = {AA4A899B-2C01-419F-BE0D-61A6E807562D}
	EndProjectSection
EndProject
Project("{8BC9CEB8-8B4A-11D0-8D11-00A0C91BC942}") = "INSTALL", "INSTALL.vcxproj", "{55CF9938-911D-4AD0-B378-B7B69A479854}"
	ProjectSection(ProjectDependencies) = postProject
		{E345FB53-93DC-4DB2-98C7-C343A2AFC66B} = {E345FB53-93DC-4DB2-98C7-C343A2AFC66B}
	EndProjectSection
EndProject
Project("{8BC9CEB8-8B4A-11D0-8D11-00A0C91BC942}") = "ZERO_CHECK", "ZERO_CHECK.vcxproj", "{07641CF1-8035-4E48-86C6-AC310AB95330}"
	ProjectSection(ProjectDependencies) = postProject
	EndProjectSection
EndProject
Project("{8BC9CEB8-8B4A-11D0-8D11-00A0C91BC942}") = "libgo_main", "libgo\main\libgo_main.vcxproj", "{F943E24E-8EAA-4113-815A-D4B24A5D1BDB}"
	ProjectSection(ProjectDependencies) = postProject
		{07641CF1-8035-4E48-86C6-AC310AB95330} = {07641CF1-8035-4E48-86C6-AC310AB95330}
	EndProjectSection
EndProject
Project("{8BC9CEB8-8B4A-11D0-8D11-00A0C91BC942}") = "libgo_static", "libgo_static.vcxproj", "{AA4A899B-2C01-419F-BE0D-61A6E807562D}"
	ProjectSection(ProjectDependencies) = postProject
		{07641CF1-8035-4E48-86C6-AC310AB95330} = {07641CF1-8035-4E48-86C6-AC310AB95330}
	EndProjectSection
EndProject
Global
	GlobalSection(SolutionConfigurationPlatforms) = preSolution
		Debug|x64 = Debug|x64
		Release|x64 = Release|x64
		MinSizeRel|x64 = MinSizeRel|x64
		RelWithDebInfo|x64 = RelWithDebInfo|x64
	EndGlobalSection
	GlobalSection(ProjectConfigurationPlatforms) = postSolution
		{E345FB53-93DC-4DB2-98C7-C343A2AFC66B}.Debug|x64.ActiveCfg = Debug|x64
		{E345FB53-93DC-4DB2-98C7-C343A2AFC66B}.Debug|x64.Build.0 = Debug|x64
		{E345FB53-93DC-4DB2-98C7-C343A2AFC66B}.Release|x64.ActiveCfg = Release|x64
		{E345FB53-93DC-4DB2-98C7-C343A2AFC66B}.Release|x64.Build.0 = Release|x64
		{E345FB53-93DC-4DB2-98C7-C343A2AFC66B}.MinSizeRel|x64.ActiveCfg = MinSizeRel|x64
		{E345FB53-93DC-4DB2-98C7-C343A2AFC66B}.MinSizeRel|x64.Build.0 = MinSizeRel|x64
		{E345FB53-93DC-4DB2-98C7-C343A2AFC66B}.RelWithDebInfo|x64.ActiveCfg = RelWithDebInfo|x64
		{E345FB53-93DC-4DB2-98C7-C343A2AFC66B}.RelWithDebInfo|x64.Build.0 = RelWithDebInfo|x64
		{55CF9938-911D-4AD0-B378-B7B69A479854}.Debug|x64.ActiveCfg = Debug|x64
		{55CF9938-911D-4AD0-B378-B7B69A479854}.Release|x64.ActiveCfg = Release|x64
		{55CF9938-911D-4AD0-B378-B7B69A479854}.MinSizeRel|x64.ActiveCfg = MinSizeRel|x64
		{55CF9938-911D-4AD0-B378-B7B69A479854}.RelWithDebInfo|x64.ActiveCfg = RelWithDebInfo|x64
		{07641CF1-8035-4E48-86C6-AC310AB95330}.Debug|x64.ActiveCfg = Debug|x64
		{07641CF1-8035-4E48-86C6-AC310AB95330}.Debug|x64.Build.0 = Debug|x64
		{07641CF1-8035-4E48-86C6-AC310AB95330}.Release|x64.ActiveCfg = Release|x64
		{07641CF1-8035-4E48-86C6-AC310AB95330}.Release|x64.Build.0 = Release|x64
		{07641CF1-8035-4E48-86C6-AC310AB95330}.MinSizeRel|x64.ActiveCfg = MinSizeRel|x64
		{07641CF1-8035-4E48-86C6-AC310AB95330}.MinSizeRel|x64.Build.0 = MinSizeRel|x64
		{07641CF1-8035-4E48-86C6-AC310AB95330}.RelWithDebInfo|x64.ActiveCfg = RelWithDebInfo|x64
		{07641CF1-8035-4E48-86C6-AC310AB95330}.RelWithDebInfo|x64.Build.0 = RelWithDebInfo|x64
		{F943E24E-8EAA-4113-815A-D4B24A5D1BDB}.Debug|x64.ActiveCfg = Debug|x64
		{F943E24E-8EAA-4113-815A-D4B24A5D1BDB}.Debug|x64.Build.0 = Debug|x64
		{F943E24E-8EAA-4113-815A-D4B24A5D1BDB}.Release|x64.ActiveCfg = Release|x64
		{F943E24E-8EAA-4113-815A-D4B24A5D1BDB}.Release|x64.Build.0 = Release|x64
		{F943E24E-8EAA-4113-815A-D4B24A5D1BDB}.MinSizeRel|x64.ActiveCfg = MinSizeRel|x64
		{F943E24E-8EAA-4113-815A-D4B24A5D1BDB}.MinSizeRel|x64.Build.0 = MinSizeRel|x64
		{F943E24E-8EAA-4113-815A-D4B24A5D1BDB}.RelWithDebInfo|x64.ActiveCfg = RelWithDebInfo|x64
		{F943E24E-8EAA-4113-815A-D4B24A5D1BDB}.RelWithDebInfo|x64.Build.0 = RelWithDebInfo|x64
		{AA4A899B-2C01-419F-BE0D-61A6E807562D}.Debug|x64.ActiveCfg = Debug|x64
		{AA4A899B-2C01-419F-BE0D-61A6E807562D}.Debug|x64.Build.0 = Debug|x64
		{AA4A899B-2C01-419F-BE0D-61A6E807562D}.Release|x64.ActiveCfg = Release|x64
		{AA4A899B-2C01-419F-BE0D-61A6E807562D}.Release|x64.Build.0 = Release|x64
		{AA4A899B-2C01-419F-BE0D-61A6E807562D}.MinSizeRel|x64.ActiveCfg = MinSizeRel|x64
		{AA4A899B-2C01-419F-BE0D-61A6E807562D}.MinSizeRel|x64.Build.0 = MinSizeRel|x64
		{AA4A899B-2C01-419F-BE0D-61A6E807562D}.RelWithDebInfo|x64.ActiveCfg = RelWithDebInfo|x64
		{AA4A899B-2C01-419F-BE0D-61A6E807562D}.RelWithDebInfo|x64.Build.0 = RelWithDebInfo|x64
	EndGlobalSection
	GlobalSection(ExtensibilityGlobals) = postSolution
	EndGlobalSection
	GlobalSection(ExtensibilityAddIns) = postSolution
	EndGlobalSection
EndGlobal
