<?xml version="1.0" encoding="utf-8"?>
<Project ToolsVersion="15.0" xmlns="http://schemas.microsoft.com/developer/msbuild/2003">
  <ItemGroup>
    <ClCompile Include="E:\git\libgo\libgo\common\config.cpp">
      <Filter>Source Files</Filter>
    </ClCompile>
    <ClCompile Include="E:\git\libgo\libgo\common\error.cpp">
      <Filter>Source Files</Filter>
    </ClCompile>
    <ClCompile Include="E:\git\libgo\libgo\context\fcontext.cpp">
      <Filter>Source Files</Filter>
    </ClCompile>
    <ClCompile Include="E:\git\libgo\libgo\task\task.cpp">
      <Filter>Source Files</Filter>
    </ClCompile>
    <ClCompile Include="E:\git\libgo\libgo\scheduler\processer.cpp">
      <Filter>Source Files</Filter>
    </ClCompile>
    <ClCompile Include="E:\git\libgo\libgo\scheduler\scheduler.cpp">
      <Filter>Source Files</Filter>
    </ClCompile>
    <ClCompile Include="E:\git\libgo\libgo\sync\co_condition_variable.cpp">
      <Filter>Source Files</Filter>
    </ClCompile>
    <ClCompile Include="E:\git\libgo\libgo\sync\co_mutex.cpp">
      <Filter>Source Files</Filter>
    </ClCompile>
    <ClCompile Include="E:\git\libgo\libgo\sync\co_rwmutex.cpp">
      <Filter>Source Files</Filter>
    </ClCompile>
    <ClCompile Include="E:\git\libgo\libgo\timer\timer.cpp">
      <Filter>Source Files</Filter>
    </ClCompile>
    <ClCompile Include="E:\git\libgo\libgo\cls\co_local_storage.cpp">
      <Filter>Source Files</Filter>
    </ClCompile>
    <ClCompile Include="E:\git\libgo\libgo\defer\defer.cpp">
      <Filter>Source Files</Filter>
    </ClCompile>
    <ClCompile Include="E:\git\libgo\libgo\pool\async_coroutine_pool.cpp">
      <Filter>Source Files</Filter>
    </ClCompile>
    <ClCompile Include="E:\git\libgo\libgo\debug\debugger.cpp">
      <Filter>Source Files</Filter>
    </ClCompile>
    <ClCompile Include="E:\git\libgo\libgo\netio\windows\reactor.cpp">
      <Filter>Source Files</Filter>
    </ClCompile>
    <ClCompile Include="E:\git\libgo\libgo\netio\windows\unistd.cpp">
      <Filter>Source Files</Filter>
    </ClCompile>
    <ClCompile Include="E:\git\libgo\libgo\netio\windows\win_vc_hook.cpp">
      <Filter>Source Files</Filter>
    </ClCompile>
    <ClCompile Include="E:\git\libgo\libgo\netio\windows\xhook\xhook.cpp">
      <Filter>Source Files</Filter>
    </ClCompile>
  </ItemGroup>
  <ItemGroup>
    <CustomBuild Include="E:\git\libgo\CMakeLists.txt" />
  </ItemGroup>
  <ItemGroup>
    <Filter Include="Source Files">
      <UniqueIdentifier>{A21B5F2E-5115-3C91-9ECA-F26887B4E5EC}</UniqueIdentifier>
    </Filter>
  </ItemGroup>
</Project>
