Microsoft Visual Studio Solution File, Format Version 12.00
# Visual Studio 15
Project("{8BC9CEB8-8B4A-11D0-8D11-00A0C91BC942}") = "ALL_BUILD", "ALL_BUILD.vcxproj", "{2F49F792-C65C-38B6-A27B-1E265F2EF249}"
	ProjectSection(ProjectDependencies) = postProject
		{6751EF2E-D7FA-39AD-8C52-E866AFECE97A} = {6751EF2E-D7FA-39AD-8C52-E866AFECE97A}
		{CD545AB3-EBED-312B-82A0-513FE629372B} = {CD545AB3-EBED-312B-82A0-513FE629372B}
	EndProjectSection
EndProject
Project("{8BC9CEB8-8B4A-11D0-8D11-00A0C91BC942}") = "ZERO_CHECK", "ZERO_CHECK.vcxproj", "{6751EF2E-D7FA-39AD-8C52-E866AFECE97A}"
	ProjectSection(ProjectDependencies) = postProject
	EndProjectSection
EndProject
Project("{8BC9CEB8-8B4A-11D0-8D11-00A0C91BC942}") = "libgo_static", "libgo_static.vcxproj", "{CD545AB3-EBED-312B-82A0-513FE629372B}"
	ProjectSection(ProjectDependencies) = postProject
		{6751EF2E-D7FA-39AD-8C52-E866AFECE97A} = {6751EF2E-D7FA-39AD-8C52-E866AFECE97A}
	EndProjectSection
EndProject
Global
	GlobalSection(SolutionConfigurationPlatforms) = preSolution
		Debug|x64 = Debug|x64
		Release|x64 = Release|x64
		MinSizeRel|x64 = MinSizeRel|x64
		RelWithDebInfo|x64 = RelWithDebInfo|x64
	EndGlobalSection
	GlobalSection(ProjectConfigurationPlatforms) = postSolution
		{2F49F792-C65C-38B6-A27B-1E265F2EF249}.Debug|x64.ActiveCfg = Debug|x64
		{2F49F792-C65C-38B6-A27B-1E265F2EF249}.Release|x64.ActiveCfg = Release|x64
		{2F49F792-C65C-38B6-A27B-1E265F2EF249}.MinSizeRel|x64.ActiveCfg = MinSizeRel|x64
		{2F49F792-C65C-38B6-A27B-1E265F2EF249}.RelWithDebInfo|x64.ActiveCfg = RelWithDebInfo|x64
		{6751EF2E-D7FA-39AD-8C52-E866AFECE97A}.Debug|x64.ActiveCfg = Debug|x64
		{6751EF2E-D7FA-39AD-8C52-E866AFECE97A}.Debug|x64.Build.0 = Debug|x64
		{6751EF2E-D7FA-39AD-8C52-E866AFECE97A}.Release|x64.ActiveCfg = Release|x64
		{6751EF2E-D7FA-39AD-8C52-E866AFECE97A}.Release|x64.Build.0 = Release|x64
		{6751EF2E-D7FA-39AD-8C52-E866AFECE97A}.MinSizeRel|x64.ActiveCfg = MinSizeRel|x64
		{6751EF2E-D7FA-39AD-8C52-E866AFECE97A}.MinSizeRel|x64.Build.0 = MinSizeRel|x64
		{6751EF2E-D7FA-39AD-8C52-E866AFECE97A}.RelWithDebInfo|x64.ActiveCfg = RelWithDebInfo|x64
		{6751EF2E-D7FA-39AD-8C52-E866AFECE97A}.RelWithDebInfo|x64.Build.0 = RelWithDebInfo|x64
		{CD545AB3-EBED-312B-82A0-513FE629372B}.Debug|x64.ActiveCfg = Debug|x64
		{CD545AB3-EBED-312B-82A0-513FE629372B}.Debug|x64.Build.0 = Debug|x64
		{CD545AB3-EBED-312B-82A0-513FE629372B}.Release|x64.ActiveCfg = Release|x64
		{CD545AB3-EBED-312B-82A0-513FE629372B}.Release|x64.Build.0 = Release|x64
		{CD545AB3-EBED-312B-82A0-513FE629372B}.MinSizeRel|x64.ActiveCfg = MinSizeRel|x64
		{CD545AB3-EBED-312B-82A0-513FE629372B}.MinSizeRel|x64.Build.0 = MinSizeRel|x64
		{CD545AB3-EBED-312B-82A0-513FE629372B}.RelWithDebInfo|x64.ActiveCfg = RelWithDebInfo|x64
		{CD545AB3-EBED-312B-82A0-513FE629372B}.RelWithDebInfo|x64.Build.0 = RelWithDebInfo|x64
	EndGlobalSection
	GlobalSection(ExtensibilityGlobals) = postSolution
		SolutionGuid = {97723BAD-20BC-3750-B70C-98C269D31965}
	EndGlobalSection
	GlobalSection(ExtensibilityAddIns) = postSolution
	EndGlobalSection
EndGlobal
