<?xml version="1.0" encoding="utf-8"?>
<Project ToolsVersion="15.0" xmlns="http://schemas.microsoft.com/developer/msbuild/2003">
  <ItemGroup>
    <CustomBuild Include="E:\git\libgo\vs_proj\vs2017\x64\CMakeFiles\4c245e8bbc189ca06442dbc488c517d0\generate.stamp.rule">
      <Filter>CMake Rules</Filter>
    </CustomBuild>
  </ItemGroup>
  <ItemGroup>
    <Filter Include="CMake Rules">
      <UniqueIdentifier>{C8410BE2-81FD-323B-BAE0-0F62418C36C4}</UniqueIdentifier>
    </Filter>
  </ItemGroup>
</Project>
