<?xml version="1.0" encoding="UTF-8"?>
<Project ToolsVersion="12.0" xmlns="http://schemas.microsoft.com/developer/msbuild/2003">
  <ItemGroup>
    <CustomBuild Include="..\..\..\vs_proj\vs2013\x86\CMakeFiles\5b27efebd8b27ca696af60fb48eecd1e\INSTALL_force.rule">
      <Filter>CMake Rules</Filter>
    </CustomBuild>
  </ItemGroup>
  <ItemGroup>
    <Filter Include="CMake Rules">
      <UniqueIdentifier>{7C1BBEB8-CF3C-46BC-A0C7-18328FDECE78}</UniqueIdentifier>
    </Filter>
  </ItemGroup>
</Project>
