Microsoft Visual Studio Solution File, Format Version 12.00
# Visual Studio 2013
Project("{8BC9CEB8-8B4A-11D0-8D11-00A0C91BC942}") = "ALL_BUILD", "ALL_BUILD.vcxproj", "{EB5A9006-F65E-452D-8BC7-8A92CA4233CE}"
	ProjectSection(ProjectDependencies) = postProject
		{11F8F184-5919-4012-A2A3-02FBA951416F} = {11F8F184-5919-4012-A2A3-02FBA951416F}
		{152C7F01-C253-4B9C-84D8-2E7D4889872A} = {152C7F01-C253-4B9C-84D8-2E7D4889872A}
		{8802F030-D722-4EE7-8DD2-F509BEEE88AF} = {8802F030-D722-4EE7-8DD2-F509BEEE88AF}
	EndProjectSection
EndProject
Project("{8BC9CEB8-8B4A-11D0-8D11-00A0C91BC942}") = "INSTALL", "INSTALL.vcxproj", "{A7D34E25-67D4-4CBC-8128-6A8A134D2486}"
	ProjectSection(ProjectDependencies) = postProject
		{EB5A9006-F65E-452D-8BC7-8A92CA4233CE} = {EB5A9006-F65E-452D-8BC7-8A92CA4233CE}
	EndProjectSection
EndProject
Project("{8BC9CEB8-8B4A-11D0-8D11-00A0C91BC942}") = "ZERO_CHECK", "ZERO_CHECK.vcxproj", "{11F8F184-5919-4012-A2A3-02FBA951416F}"
	ProjectSection(ProjectDependencies) = postProject
	EndProjectSection
EndProject
Project("{8BC9CEB8-8B4A-11D0-8D11-00A0C91BC942}") = "libgo_main", "libgo\main\libgo_main.vcxproj", "{152C7F01-C253-4B9C-84D8-2E7D4889872A}"
	ProjectSection(ProjectDependencies) = postProject
		{11F8F184-5919-4012-A2A3-02FBA951416F} = {11F8F184-5919-4012-A2A3-02FBA951416F}
	EndProjectSection
EndProject
Project("{8BC9CEB8-8B4A-11D0-8D11-00A0C91BC942}") = "libgo_static", "libgo_static.vcxproj", "{8802F030-D722-4EE7-8DD2-F509BEEE88AF}"
	ProjectSection(ProjectDependencies) = postProject
		{11F8F184-5919-4012-A2A3-02FBA951416F} = {11F8F184-5919-4012-A2A3-02FBA951416F}
	EndProjectSection
EndProject
Global
	GlobalSection(SolutionConfigurationPlatforms) = preSolution
		Debug|Win32 = Debug|Win32
		Release|Win32 = Release|Win32
		MinSizeRel|Win32 = MinSizeRel|Win32
		RelWithDebInfo|Win32 = RelWithDebInfo|Win32
	EndGlobalSection
	GlobalSection(ProjectConfigurationPlatforms) = postSolution
		{EB5A9006-F65E-452D-8BC7-8A92CA4233CE}.Debug|Win32.ActiveCfg = Debug|Win32
		{EB5A9006-F65E-452D-8BC7-8A92CA4233CE}.Debug|Win32.Build.0 = Debug|Win32
		{EB5A9006-F65E-452D-8BC7-8A92CA4233CE}.Release|Win32.ActiveCfg = Release|Win32
		{EB5A9006-F65E-452D-8BC7-8A92CA4233CE}.Release|Win32.Build.0 = Release|Win32
		{EB5A9006-F65E-452D-8BC7-8A92CA4233CE}.MinSizeRel|Win32.ActiveCfg = MinSizeRel|Win32
		{EB5A9006-F65E-452D-8BC7-8A92CA4233CE}.MinSizeRel|Win32.Build.0 = MinSizeRel|Win32
		{EB5A9006-F65E-452D-8BC7-8A92CA4233CE}.RelWithDebInfo|Win32.ActiveCfg = RelWithDebInfo|Win32
		{EB5A9006-F65E-452D-8BC7-8A92CA4233CE}.RelWithDebInfo|Win32.Build.0 = RelWithDebInfo|Win32
		{A7D34E25-67D4-4CBC-8128-6A8A134D2486}.Debug|Win32.ActiveCfg = Debug|Win32
		{A7D34E25-67D4-4CBC-8128-6A8A134D2486}.Release|Win32.ActiveCfg = Release|Win32
		{A7D34E25-67D4-4CBC-8128-6A8A134D2486}.MinSizeRel|Win32.ActiveCfg = MinSizeRel|Win32
		{A7D34E25-67D4-4CBC-8128-6A8A134D2486}.RelWithDebInfo|Win32.ActiveCfg = RelWithDebInfo|Win32
		{11F8F184-5919-4012-A2A3-02FBA951416F}.Debug|Win32.ActiveCfg = Debug|Win32
		{11F8F184-5919-4012-A2A3-02FBA951416F}.Debug|Win32.Build.0 = Debug|Win32
		{11F8F184-5919-4012-A2A3-02FBA951416F}.Release|Win32.ActiveCfg = Release|Win32
		{11F8F184-5919-4012-A2A3-02FBA951416F}.Release|Win32.Build.0 = Release|Win32
		{11F8F184-5919-4012-A2A3-02FBA951416F}.MinSizeRel|Win32.ActiveCfg = MinSizeRel|Win32
		{11F8F184-5919-4012-A2A3-02FBA951416F}.MinSizeRel|Win32.Build.0 = MinSizeRel|Win32
		{11F8F184-5919-4012-A2A3-02FBA951416F}.RelWithDebInfo|Win32.ActiveCfg = RelWithDebInfo|Win32
		{11F8F184-5919-4012-A2A3-02FBA951416F}.RelWithDebInfo|Win32.Build.0 = RelWithDebInfo|Win32
		{152C7F01-C253-4B9C-84D8-2E7D4889872A}.Debug|Win32.ActiveCfg = Debug|Win32
		{152C7F01-C253-4B9C-84D8-2E7D4889872A}.Debug|Win32.Build.0 = Debug|Win32
		{152C7F01-C253-4B9C-84D8-2E7D4889872A}.Release|Win32.ActiveCfg = Release|Win32
		{152C7F01-C253-4B9C-84D8-2E7D4889872A}.Release|Win32.Build.0 = Release|Win32
		{152C7F01-C253-4B9C-84D8-2E7D4889872A}.MinSizeRel|Win32.ActiveCfg = MinSizeRel|Win32
		{152C7F01-C253-4B9C-84D8-2E7D4889872A}.MinSizeRel|Win32.Build.0 = MinSizeRel|Win32
		{152C7F01-C253-4B9C-84D8-2E7D4889872A}.RelWithDebInfo|Win32.ActiveCfg = RelWithDebInfo|Win32
		{152C7F01-C253-4B9C-84D8-2E7D4889872A}.RelWithDebInfo|Win32.Build.0 = RelWithDebInfo|Win32
		{8802F030-D722-4EE7-8DD2-F509BEEE88AF}.Debug|Win32.ActiveCfg = Debug|Win32
		{8802F030-D722-4EE7-8DD2-F509BEEE88AF}.Debug|Win32.Build.0 = Debug|Win32
		{8802F030-D722-4EE7-8DD2-F509BEEE88AF}.Release|Win32.ActiveCfg = Release|Win32
		{8802F030-D722-4EE7-8DD2-F509BEEE88AF}.Release|Win32.Build.0 = Release|Win32
		{8802F030-D722-4EE7-8DD2-F509BEEE88AF}.MinSizeRel|Win32.ActiveCfg = MinSizeRel|Win32
		{8802F030-D722-4EE7-8DD2-F509BEEE88AF}.MinSizeRel|Win32.Build.0 = MinSizeRel|Win32
		{8802F030-D722-4EE7-8DD2-F509BEEE88AF}.RelWithDebInfo|Win32.ActiveCfg = RelWithDebInfo|Win32
		{8802F030-D722-4EE7-8DD2-F509BEEE88AF}.RelWithDebInfo|Win32.Build.0 = RelWithDebInfo|Win32
	EndGlobalSection
	GlobalSection(ExtensibilityGlobals) = postSolution
	EndGlobalSection
	GlobalSection(ExtensibilityAddIns) = postSolution
	EndGlobalSection
EndGlobal
